// !$*UTF8*$!
{
	archiveVersion = 1;
	classes = {
	};
	objectVersion = 48;
	objects = {

/* Begin PBXBuildFile section */
		25CEC05A205818BF00AE0D84 /* AppDelegate.m in Sources */ = {isa = PBXBuildFile; fileRef = 25CEC059205818BF00AE0D84 /* AppDelegate.m */; };
		25CEC05D205818BF00AE0D84 /* ViewController.m in Sources */ = {isa = PBXBuildFile; fileRef = 25CEC05C205818BF00AE0D84 /* ViewController.m */; };
		25CEC060205818BF00AE0D84 /* Main.storyboard in Resources */ = {isa = PBXBuildFile; fileRef = 25CEC05E205818BF00AE0D84 /* Main.storyboard */; };
		25CEC062205818BF00AE0D84 /* Assets.xcassets in Resources */ = {isa = PBXBuildFile; fileRef = 25CEC061205818BF00AE0D84 /* Assets.xcassets */; };
		25CEC065205818BF00AE0D84 /* LaunchScreen.storyboard in Resources */ = {isa = PBXBuildFile; fileRef = 25CEC063205818BF00AE0D84 /* LaunchScreen.storyboard */; };
		25CEC068205818BF00AE0D84 /* main.m in Sources */ = {isa = PBXBuildFile; fileRef = 25CEC067205818BF00AE0D84 /* main.m */; };
		25CEC072205818BF00AE0D84 /* CustomTransitionTests.m in Sources */ = {isa = PBXBuildFile; fileRef = 25CEC071205818BF00AE0D84 /* CustomTransitionTests.m */; };
		25CEC07D205818C000AE0D84 /* CustomTransitionUITests.m in Sources */ = {isa = PBXBuildFile; fileRef = 25CEC07C205818C000AE0D84 /* CustomTransitionUITests.m */; };
		25CEC08C205818F100AE0D84 /* FirstViewController.m in Sources */ = {isa = PBXBuildFile; fileRef = 25CEC08B205818F100AE0D84 /* FirstViewController.m */; };
		25CEC08F2058190400AE0D84 /* SecondViewController.m in Sources */ = {isa = PBXBuildFile; fileRef = 25CEC08E2058190400AE0D84 /* SecondViewController.m */; };
		25CEC09220581AFB00AE0D84 /* CustomAlertAnitmator.m in Sources */ = {isa = PBXBuildFile; fileRef = 25CEC09120581AFB00AE0D84 /* CustomAlertAnitmator.m */; };
		25CEC0982059825900AE0D84 /* CustomTransitionDelegate.m in Sources */ = {isa = PBXBuildFile; fileRef = 25CEC0972059825900AE0D84 /* CustomTransitionDelegate.m */; };
/* End PBXBuildFile section */

/* Begin PBXContainerItemProxy section */
		25CEC06E205818BF00AE0D84 /* PBXContainerItemProxy */ = {
			isa = PBXContainerItemProxy;
			containerPortal = 25CEC04D205818BF00AE0D84 /* Project object */;
			proxyType = 1;
			remoteGlobalIDString = 25CEC054205818BF00AE0D84;
			remoteInfo = CustomTransition;
		};
		25CEC079205818BF00AE0D84 /* PBXContainerItemProxy */ = {
			isa = PBXContainerItemProxy;
			containerPortal = 25CEC04D205818BF00AE0D84 /* Project object */;
			proxyType = 1;
			remoteGlobalIDString = 25CEC054205818BF00AE0D84;
			remoteInfo = CustomTransition;
		};
/* End PBXContainerItemProxy section */

/* Begin PBXFileReference section */
		25CEC055205818BF00AE0D84 /* CustomTransition.app */ = {isa = PBXFileReference; explicitFileType = wrapper.application; includeInIndex = 0; path = CustomTransition.app; sourceTree = BUILT_PRODUCTS_DIR; };
		25CEC058205818BF00AE0D84 /* AppDelegate.h */ = {isa = PBXFileReference; lastKnownFileType = sourcecode.c.h; path = AppDelegate.h; sourceTree = "<group>"; };
		25CEC059205818BF00AE0D84 /* AppDelegate.m */ = {isa = PBXFileReference; lastKnownFileType = sourcecode.c.objc; path = AppDelegate.m; sourceTree = "<group>"; };
		25CEC05B205818BF00AE0D84 /* ViewController.h */ = {isa = PBXFileReference; lastKnownFileType = sourcecode.c.h; path = ViewController.h; sourceTree = "<group>"; };
		25CEC05C205818BF00AE0D84 /* ViewController.m */ = {isa = PBXFileReference; lastKnownFileType = sourcecode.c.objc; path = ViewController.m; sourceTree = "<group>"; };
		25CEC05F205818BF00AE0D84 /* Base */ = {isa = PBXFileReference; lastKnownFileType = file.storyboard; name = Base; path = Base.lproj/Main.storyboard; sourceTree = "<group>"; };
		25CEC061205818BF00AE0D84 /* Assets.xcassets */ = {isa = PBXFileReference; lastKnownFileType = folder.assetcatalog; path = Assets.xcassets; sourceTree = "<group>"; };
		25CEC064205818BF00AE0D84 /* Base */ = {isa = PBXFileReference; lastKnownFileType = file.storyboard; name = Base; path = Base.lproj/LaunchScreen.storyboard; sourceTree = "<group>"; };
		25CEC066205818BF00AE0D84 /* Info.plist */ = {isa = PBXFileReference; lastKnownFileType = text.plist.xml; path = Info.plist; sourceTree = "<group>"; };
		25CEC067205818BF00AE0D84 /* main.m */ = {isa = PBXFileReference; lastKnownFileType = sourcecode.c.objc; path = main.m; sourceTree = "<group>"; };
		25CEC06D205818BF00AE0D84 /* CustomTransitionTests.xctest */ = {isa = PBXFileReference; explicitFileType = wrapper.cfbundle; includeInIndex = 0; path = CustomTransitionTests.xctest; sourceTree = BUILT_PRODUCTS_DIR; };
		25CEC071205818BF00AE0D84 /* CustomTransitionTests.m */ = {isa = PBXFileReference; lastKnownFileType = sourcecode.c.objc; path = CustomTransitionTests.m; sourceTree = "<group>"; };
		25CEC073205818BF00AE0D84 /* Info.plist */ = {isa = PBXFileReference; lastKnownFileType = text.plist.xml; path = Info.plist; sourceTree = "<group>"; };
		25CEC078205818BF00AE0D84 /* CustomTransitionUITests.xctest */ = {isa = PBXFileReference; explicitFileType = wrapper.cfbundle; includeInIndex = 0; path = CustomTransitionUITests.xctest; sourceTree = BUILT_PRODUCTS_DIR; };
		25CEC07C205818C000AE0D84 /* CustomTransitionUITests.m */ = {isa = PBXFileReference; lastKnownFileType = sourcecode.c.objc; path = CustomTransitionUITests.m; sourceTree = "<group>"; };
		25CEC07E205818C000AE0D84 /* Info.plist */ = {isa = PBXFileReference; lastKnownFileType = text.plist.xml; path = Info.plist; sourceTree = "<group>"; };
		25CEC08A205818F100AE0D84 /* FirstViewController.h */ = {isa = PBXFileReference; lastKnownFileType = sourcecode.c.h; path = FirstViewController.h; sourceTree = "<group>"; };
		25CEC08B205818F100AE0D84 /* FirstViewController.m */ = {isa = PBXFileReference; lastKnownFileType = sourcecode.c.objc; path = FirstViewController.m; sourceTree = "<group>"; };
		25CEC08D2058190400AE0D84 /* SecondViewController.h */ = {isa = PBXFileReference; lastKnownFileType = sourcecode.c.h; path = SecondViewController.h; sourceTree = "<group>"; };
		25CEC08E2058190400AE0D84 /* SecondViewController.m */ = {isa = PBXFileReference; lastKnownFileType = sourcecode.c.objc; path = SecondViewController.m; sourceTree = "<group>"; };
		25CEC09020581AFB00AE0D84 /* CustomAlertAnitmator.h */ = {isa = PBXFileReference; lastKnownFileType = sourcecode.c.h; path = CustomAlertAnitmator.h; sourceTree = "<group>"; };
		25CEC09120581AFB00AE0D84 /* CustomAlertAnitmator.m */ = {isa = PBXFileReference; lastKnownFileType = sourcecode.c.objc; path = CustomAlertAnitmator.m; sourceTree = "<group>"; };
		25CEC0962059825900AE0D84 /* CustomTransitionDelegate.h */ = {isa = PBXFileReference; lastKnownFileType = sourcecode.c.h; path = CustomTransitionDelegate.h; sourceTree = "<group>"; };
		25CEC0972059825900AE0D84 /* CustomTransitionDelegate.m */ = {isa = PBXFileReference; lastKnownFileType = sourcecode.c.objc; path = CustomTransitionDelegate.m; sourceTree = "<group>"; };
/* End PBXFileReference section */

/* Begin PBXFrameworksBuildPhase section */
		25CEC052205818BF00AE0D84 /* Frameworks */ = {
			isa = PBXFrameworksBuildPhase;
			buildActionMask = 2147483647;
			files = (
			);
			runOnlyForDeploymentPostprocessing = 0;
		};
		25CEC06A205818BF00AE0D84 /* Frameworks */ = {
			isa = PBXFrameworksBuildPhase;
			buildActionMask = 2147483647;
			files = (
			);
			runOnlyForDeploymentPostprocessing = 0;
		};
		25CEC075205818BF00AE0D84 /* Frameworks */ = {
			isa = PBXFrameworksBuildPhase;
			buildActionMask = 2147483647;
			files = (
			);
			runOnlyForDeploymentPostprocessing = 0;
		};
/* End PBXFrameworksBuildPhase section */

/* Begin PBXGroup section */
		25CEC04C205818BF00AE0D84 = {
			isa = PBXGroup;
			children = (
				25CEC0962059825900AE0D84 /* CustomTransitionDelegate.h */,
				25CEC0972059825900AE0D84 /* CustomTransitionDelegate.m */,
				25CEC09020581AFB00AE0D84 /* CustomAlertAnitmator.h */,
				25CEC09120581AFB00AE0D84 /* CustomAlertAnitmator.m */,
				25CEC08D2058190400AE0D84 /* SecondViewController.h */,
				25CEC08E2058190400AE0D84 /* SecondViewController.m */,
				25CEC08A205818F100AE0D84 /* FirstViewController.h */,
				25CEC08B205818F100AE0D84 /* FirstViewController.m */,
				25CEC057205818BF00AE0D84 /* CustomTransition */,
				25CEC070205818BF00AE0D84 /* CustomTransitionTests */,
				25CEC07B205818C000AE0D84 /* CustomTransitionUITests */,
				25CEC056205818BF00AE0D84 /* Products */,
			);
			sourceTree = "<group>";
		};
		25CEC056205818BF00AE0D84 /* Products */ = {
			isa = PBXGroup;
			children = (
				25CEC055205818BF00AE0D84 /* CustomTransition.app */,
				25CEC06D205818BF00AE0D84 /* CustomTransitionTests.xctest */,
				25CEC078205818BF00AE0D84 /* CustomTransitionUITests.xctest */,
			);
			name = Products;
			sourceTree = "<group>";
		};
		25CEC057205818BF00AE0D84 /* CustomTransition */ = {
			isa = PBXGroup;
			children = (
				25CEC058205818BF00AE0D84 /* AppDelegate.h */,
				25CEC059205818BF00AE0D84 /* AppDelegate.m */,
				25CEC05B205818BF00AE0D84 /* ViewController.h */,
				25CEC05C205818BF00AE0D84 /* ViewController.m */,
				25CEC05E205818BF00AE0D84 /* Main.storyboard */,
				25CEC061205818BF00AE0D84 /* Assets.xcassets */,
				25CEC063205818BF00AE0D84 /* LaunchScreen.storyboard */,
				25CEC066205818BF00AE0D84 /* Info.plist */,
				25CEC067205818BF00AE0D84 /* main.m */,
			);
			path = CustomTransition;
			sourceTree = "<group>";
		};
		25CEC070205818BF00AE0D84 /* CustomTransitionTests */ = {
			isa = PBXGroup;
			children = (
				25CEC071205818BF00AE0D84 /* CustomTransitionTests.m */,
				25CEC073205818BF00AE0D84 /* Info.plist */,
			);
			path = CustomTransitionTests;
			sourceTree = "<group>";
		};
		25CEC07B205818C000AE0D84 /* CustomTransitionUITests */ = {
			isa = PBXGroup;
			children = (
				25CEC07C205818C000AE0D84 /* CustomTransitionUITests.m */,
				25CEC07E205818C000AE0D84 /* Info.plist */,
			);
			path = CustomTransitionUITests;
			sourceTree = "<group>";
		};
/* End PBXGroup section */

/* Begin PBXNativeTarget section */
		25CEC054205818BF00AE0D84 /* CustomTransition */ = {
			isa = PBXNativeTarget;
			buildConfigurationList = 25CEC081205818C000AE0D84 /* Build configuration list for PBXNativeTarget "CustomTransition" */;
			buildPhases = (
				25CEC051205818BF00AE0D84 /* Sources */,
				25CEC052205818BF00AE0D84 /* Frameworks */,
				25CEC053205818BF00AE0D84 /* Resources */,
			);
			buildRules = (
			);
			dependencies = (
			);
			name = CustomTransition;
			productName = CustomTransition;
			productReference = 25CEC055205818BF00AE0D84 /* CustomTransition.app */;
			productType = "com.apple.product-type.application";
		};
		25CEC06C205818BF00AE0D84 /* CustomTransitionTests */ = {
			isa = PBXNativeTarget;
			buildConfigurationList = 25CEC084205818C000AE0D84 /* Build configuration list for PBXNativeTarget "CustomTransitionTests" */;
			buildPhases = (
				25CEC069205818BF00AE0D84 /* Sources */,
				25CEC06A205818BF00AE0D84 /* Frameworks */,
				25CEC06B205818BF00AE0D84 /* Resources */,
			);
			buildRules = (
			);
			dependencies = (
				25CEC06F205818BF00AE0D84 /* PBXTargetDependency */,
			);
			name = CustomTransitionTests;
			productName = CustomTransitionTests;
			productReference = 25CEC06D205818BF00AE0D84 /* CustomTransitionTests.xctest */;
			productType = "com.apple.product-type.bundle.unit-test";
		};
		25CEC077205818BF00AE0D84 /* CustomTransitionUITests */ = {
			isa = PBXNativeTarget;
			buildConfigurationList = 25CEC087205818C000AE0D84 /* Build configuration list for PBXNativeTarget "CustomTransitionUITests" */;
			buildPhases = (
				25CEC074205818BF00AE0D84 /* Sources */,
				25CEC075205818BF00AE0D84 /* Frameworks */,
				25CEC076205818BF00AE0D84 /* Resources */,
			);
			buildRules = (
			);
			dependencies = (
				25CEC07A205818BF00AE0D84 /* PBXTargetDependency */,
			);
			name = CustomTransitionUITests;
			productName = CustomTransitionUITests;
			productReference = 25CEC078205818BF00AE0D84 /* CustomTransitionUITests.xctest */;
			productType = "com.apple.product-type.bundle.ui-testing";
		};
/* End PBXNativeTarget section */

/* Begin PBXProject section */
		25CEC04D205818BF00AE0D84 /* Project object */ = {
			isa = PBXProject;
			attributes = {
				LastUpgradeCheck = 0920;
				ORGANIZATIONNAME = "Ze yang";
				TargetAttributes = {
					25CEC054205818BF00AE0D84 = {
						CreatedOnToolsVersion = 9.2;
						ProvisioningStyle = Automatic;
					};
					25CEC06C205818BF00AE0D84 = {
						CreatedOnToolsVersion = 9.2;
						ProvisioningStyle = Automatic;
						TestTargetID = 25CEC054205818BF00AE0D84;
					};
					25CEC077205818BF00AE0D84 = {
						CreatedOnToolsVersion = 9.2;
						ProvisioningStyle = Automatic;
						TestTargetID = 25CEC054205818BF00AE0D84;
					};
				};
			};
			buildConfigurationList = 25CEC050205818BF00AE0D84 /* Build configuration list for PBXProject "CustomTransition" */;
			compatibilityVersion = "Xcode 8.0";
			developmentRegion = en;
			hasScannedForEncodings = 0;
			knownRegions = (
				en,
				Base,
			);
			mainGroup = 25CEC04C205818BF00AE0D84;
			productRefGroup = 25CEC056205818BF00AE0D84 /* Products */;
			projectDirPath = "";
			projectRoot = "";
			targets = (
				25CEC054205818BF00AE0D84 /* CustomTransition */,
				25CEC06C205818BF00AE0D84 /* CustomTransitionTests */,
				25CEC077205818BF00AE0D84 /* CustomTransitionUITests */,
			);
		};
/* End PBXProject section */

/* Begin PBXResourcesBuildPhase section */
		25CEC053205818BF00AE0D84 /* Resources */ = {
			isa = PBXResourcesBuildPhase;
			buildActionMask = 2147483647;
			files = (
				25CEC065205818BF00AE0D84 /* LaunchScreen.storyboard in Resources */,
				25CEC062205818BF00AE0D84 /* Assets.xcassets in Resources */,
				25CEC060205818BF00AE0D84 /* Main.storyboard in Resources */,
			);
			runOnlyForDeploymentPostprocessing = 0;
		};
		25CEC06B205818BF00AE0D84 /* Resources */ = {
			isa = PBXResourcesBuildPhase;
			buildActionMask = 2147483647;
			files = (
			);
			runOnlyForDeploymentPostprocessing = 0;
		};
		25CEC076205818BF00AE0D84 /* Resources */ = {
			isa = PBXResourcesBuildPhase;
			buildActionMask = 2147483647;
			files = (
			);
			runOnlyForDeploymentPostprocessing = 0;
		};
/* End PBXResourcesBuildPhase section */

/* Begin PBXSourcesBuildPhase section */
		25CEC051205818BF00AE0D84 /* Sources */ = {
			isa = PBXSourcesBuildPhase;
			buildActionMask = 2147483647;
			files = (
				25CEC08F2058190400AE0D84 /* SecondViewController.m in Sources */,
				25CEC05D205818BF00AE0D84 /* ViewController.m in Sources */,
				25CEC068205818BF00AE0D84 /* main.m in Sources */,
				25CEC09220581AFB00AE0D84 /* CustomAlertAnitmator.m in Sources */,
				25CEC05A205818BF00AE0D84 /* AppDelegate.m in Sources */,
				25CEC0982059825900AE0D84 /* CustomTransitionDelegate.m in Sources */,
				25CEC08C205818F100AE0D84 /* FirstViewController.m in Sources */,
			);
			runOnlyForDeploymentPostprocessing = 0;
		};
		25CEC069205818BF00AE0D84 /* Sources */ = {
			isa = PBXSourcesBuildPhase;
			buildActionMask = 2147483647;
			files = (
				25CEC072205818BF00AE0D84 /* CustomTransitionTests.m in Sources */,
			);
			runOnlyForDeploymentPostprocessing = 0;
		};
		25CEC074205818BF00AE0D84 /* Sources */ = {
			isa = PBXSourcesBuildPhase;
			buildActionMask = 2147483647;
			files = (
				25CEC07D205818C000AE0D84 /* CustomTransitionUITests.m in Sources */,
			);
			runOnlyForDeploymentPostprocessing = 0;
		};
/* End PBXSourcesBuildPhase section */

/* Begin PBXTargetDependency section */
		25CEC06F205818BF00AE0D84 /* PBXTargetDependency */ = {
			isa = PBXTargetDependency;
			target = 25CEC054205818BF00AE0D84 /* CustomTransition */;
			targetProxy = 25CEC06E205818BF00AE0D84 /* PBXContainerItemProxy */;
		};
		25CEC07A205818BF00AE0D84 /* PBXTargetDependency */ = {
			isa = PBXTargetDependency;
			target = 25CEC054205818BF00AE0D84 /* CustomTransition */;
			targetProxy = 25CEC079205818BF00AE0D84 /* PBXContainerItemProxy */;
		};
/* End PBXTargetDependency section */

/* Begin PBXVariantGroup section */
		25CEC05E205818BF00AE0D84 /* Main.storyboard */ = {
			isa = PBXVariantGroup;
			children = (
				25CEC05F205818BF00AE0D84 /* Base */,
			);
			name = Main.storyboard;
			sourceTree = "<group>";
		};
		25CEC063205818BF00AE0D84 /* LaunchScreen.storyboard */ = {
			isa = PBXVariantGroup;
			children = (
				25CEC064205818BF00AE0D84 /* Base */,
			);
			name = LaunchScreen.storyboard;
			sourceTree = "<group>";
		};
/* End PBXVariantGroup section */

/* Begin XCBuildConfiguration section */
		25CEC07F205818C000AE0D84 /* Debug */ = {
			isa = XCBuildConfiguration;
			buildSettings = {
				ALWAYS_SEARCH_USER_PATHS = NO;
				CLANG_ANALYZER_NONNULL = YES;
				CLANG_ANALYZER_NUMBER_OBJECT_CONVERSION = YES_AGGRESSIVE;
				CLANG_CXX_LANGUAGE_STANDARD = "gnu++14";
				CLANG_CXX_LIBRARY = "libc++";
				CLANG_ENABLE_MODULES = YES;
				CLANG_ENABLE_OBJC_ARC = YES;
				CLANG_WARN_BLOCK_CAPTURE_AUTORELEASING = YES;
				CLANG_WARN_BOOL_CONVERSION = YES;
				CLANG_WARN_COMMA = YES;
				CLANG_WARN_CONSTANT_CONVERSION = YES;
				CLANG_WARN_DIRECT_OBJC_ISA_USAGE = YES_ERROR;
				CLANG_WARN_DOCUMENTATION_COMMENTS = YES;
				CLANG_WARN_EMPTY_BODY = YES;
				CLANG_WARN_ENUM_CONVERSION = YES;
				CLANG_WARN_INFINITE_RECURSION = YES;
				CLANG_WARN_INT_CONVERSION = YES;
				CLANG_WARN_NON_LITERAL_NULL_CONVERSION = YES;
				CLANG_WARN_OBJC_LITERAL_CONVERSION = YES;
				CLANG_WARN_OBJC_ROOT_CLASS = YES_ERROR;
				CLANG_WARN_RANGE_LOOP_ANALYSIS = YES;
				CLANG_WARN_STRICT_PROTOTYPES = YES;
				CLANG_WARN_SUSPICIOUS_MOVE = YES;
				CLANG_WARN_UNGUARDED_AVAILABILITY = YES_AGGRESSIVE;
				CLANG_WARN_UNREACHABLE_CODE = YES;
				CLANG_WARN__DUPLICATE_METHOD_MATCH = YES;
				CODE_SIGN_IDENTITY = "iPhone Developer";
				COPY_PHASE_STRIP = NO;
				DEBUG_INFORMATION_FORMAT = dwarf;
				ENABLE_STRICT_OBJC_MSGSEND = YES;
				ENABLE_TESTABILITY = YES;
				GCC_C_LANGUAGE_STANDARD = gnu11;
				GCC_DYNAMIC_NO_PIC = NO;
				GCC_NO_COMMON_BLOCKS = YES;
				GCC_OPTIMIZATION_LEVEL = 0;
				GCC_PREPROCESSOR_DEFINITIONS = (
					"DEBUG=1",
					"$(inherited)",
				);
				GCC_WARN_64_TO_32_BIT_CONVERSION = YES;
				GCC_WARN_ABOUT_RETURN_TYPE = YES_ERROR;
				GCC_WARN_UNDECLARED_SELECTOR = YES;
				GCC_WARN_UNINITIALIZED_AUTOS = YES_AGGRESSIVE;
				GCC_WARN_UNUSED_FUNCTION = YES;
				GCC_WARN_UNUSED_VARIABLE = YES;
				IPHONEOS_DEPLOYMENT_TARGET = 11.2;
				MTL_ENABLE_DEBUG_INFO = YES;
				ONLY_ACTIVE_ARCH = YES;
				SDKROOT = iphoneos;
			};
			name = Debug;
		};
		25CEC080205818C000AE0D84 /* Release */ = {
			isa = XCBuildConfiguration;
			buildSettings = {
				ALWAYS_SEARCH_USER_PATHS = NO;
				CLANG_ANALYZER_NONNULL = YES;
				CLANG_ANALYZER_NUMBER_OBJECT_CONVERSION = YES_AGGRESSIVE;
				CLANG_CXX_LANGUAGE_STANDARD = "gnu++14";
				CLANG_CXX_LIBRARY = "libc++";
				CLANG_ENABLE_MODULES = YES;
				CLANG_ENABLE_OBJC_ARC = YES;
				CLANG_WARN_BLOCK_CAPTURE_AUTORELEASING = YES;
				CLANG_WARN_BOOL_CONVERSION = YES;
				CLANG_WARN_COMMA = YES;
				CLANG_WARN_CONSTANT_CONVERSION = YES;
				CLANG_WARN_DIRECT_OBJC_ISA_USAGE = YES_ERROR;
				CLANG_WARN_DOCUMENTATION_COMMENTS = YES;
				CLANG_WARN_EMPTY_BODY = YES;
				CLANG_WARN_ENUM_CONVERSION = YES;
				CLANG_WARN_INFINITE_RECURSION = YES;
				CLANG_WARN_INT_CONVERSION = YES;
				CLANG_WARN_NON_LITERAL_NULL_CONVERSION = YES;
				CLANG_WARN_OBJC_LITERAL_CONVERSION = YES;
				CLANG_WARN_OBJC_ROOT_CLASS = YES_ERROR;
				CLANG_WARN_RANGE_LOOP_ANALYSIS = YES;
				CLANG_WARN_STRICT_PROTOTYPES = YES;
				CLANG_WARN_SUSPICIOUS_MOVE = YES;
				CLANG_WARN_UNGUARDED_AVAILABILITY = YES_AGGRESSIVE;
				CLANG_WARN_UNREACHABLE_CODE = YES;
				CLANG_WARN__DUPLICATE_METHOD_MATCH = YES;
				CODE_SIGN_IDENTITY = "iPhone Developer";
				COPY_PHASE_STRIP = NO;
				DEBUG_INFORMATION_FORMAT = "dwarf-with-dsym";
				ENABLE_NS_ASSERTIONS = NO;
				ENABLE_STRICT_OBJC_MSGSEND = YES;
				GCC_C_LANGUAGE_STANDARD = gnu11;
				GCC_NO_COMMON_BLOCKS = YES;
				GCC_WARN_64_TO_32_BIT_CONVERSION = YES;
				GCC_WARN_ABOUT_RETURN_TYPE = YES_ERROR;
				GCC_WARN_UNDECLARED_SELECTOR = YES;
				GCC_WARN_UNINITIALIZED_AUTOS = YES_AGGRESSIVE;
				GCC_WARN_UNUSED_FUNCTION = YES;
				GCC_WARN_UNUSED_VARIABLE = YES;
				IPHONEOS_DEPLOYMENT_TARGET = 11.2;
				MTL_ENABLE_DEBUG_INFO = NO;
				SDKROOT = iphoneos;
				VALIDATE_PRODUCT = YES;
			};
			name = Release;
		};
		25CEC082205818C000AE0D84 /* Debug */ = {
			isa = XCBuildConfiguration;
			buildSettings = {
				ASSETCATALOG_COMPILER_APPICON_NAME = AppIcon;
				CODE_SIGN_STYLE = Automatic;
				INFOPLIST_FILE = CustomTransition/Info.plist;
				LD_RUNPATH_SEARCH_PATHS = "$(inherited) @executable_path/Frameworks";
				PRODUCT_BUNDLE_IDENTIFIER = com.myblog.gg.CustomTransition;
				PRODUCT_NAME = "$(TARGET_NAME)";
				TARGETED_DEVICE_FAMILY = "1,2";
			};
			name = Debug;
		};
		25CEC083205818C000AE0D84 /* Release */ = {
			isa = XCBuildConfiguration;
			buildSettings = {
				ASSETCATALOG_COMPILER_APPICON_NAME = AppIcon;
				CODE_SIGN_STYLE = Automatic;
				INFOPLIST_FILE = CustomTransition/Info.plist;
				LD_RUNPATH_SEARCH_PATHS = "$(inherited) @executable_path/Frameworks";
				PRODUCT_BUNDLE_IDENTIFIER = com.myblog.gg.CustomTransition;
				PRODUCT_NAME = "$(TARGET_NAME)";
				TARGETED_DEVICE_FAMILY = "1,2";
			};
			name = Release;
		};
		25CEC085205818C000AE0D84 /* Debug */ = {
			isa = XCBuildConfiguration;
			buildSettings = {
				BUNDLE_LOADER = "$(TEST_HOST)";
				CODE_SIGN_STYLE = Automatic;
				INFOPLIST_FILE = CustomTransitionTests/Info.plist;
				LD_RUNPATH_SEARCH_PATHS = "$(inherited) @executable_path/Frameworks @loader_path/Frameworks";
				PRODUCT_BUNDLE_IDENTIFIER = com.myblog.gg.CustomTransitionTests;
				PRODUCT_NAME = "$(TARGET_NAME)";
				TARGETED_DEVICE_FAMILY = "1,2";
				TEST_HOST = "$(BUILT_PRODUCTS_DIR)/CustomTransition.app/CustomTransition";
			};
			name = Debug;
		};
		25CEC086205818C000AE0D84 /* Release */ = {
			isa = XCBuildConfiguration;
			buildSettings = {
				BUNDLE_LOADER = "$(TEST_HOST)";
				CODE_SIGN_STYLE = Automatic;
				INFOPLIST_FILE = CustomTransitionTests/Info.plist;
				LD_RUNPATH_SEARCH_PATHS = "$(inherited) @executable_path/Frameworks @loader_path/Frameworks";
				PRODUCT_BUNDLE_IDENTIFIER = com.myblog.gg.CustomTransitionTests;
				PRODUCT_NAME = "$(TARGET_NAME)";
				TARGETED_DEVICE_FAMILY = "1,2";
				TEST_HOST = "$(BUILT_PRODUCTS_DIR)/CustomTransition.app/CustomTransition";
			};
			name = Release;
		};
		25CEC088205818C000AE0D84 /* Debug */ = {
			isa = XCBuildConfiguration;
			buildSettings = {
				CODE_SIGN_STYLE = Automatic;
				INFOPLIST_FILE = CustomTransitionUITests/Info.plist;
				LD_RUNPATH_SEARCH_PATHS = "$(inherited) @executable_path/Frameworks @loader_path/Frameworks";
				PRODUCT_BUNDLE_IDENTIFIER = com.myblog.gg.CustomTransitionUITests;
				PRODUCT_NAME = "$(TARGET_NAME)";
				TARGETED_DEVICE_FAMILY = "1,2";
				TEST_TARGET_NAME = CustomTransition;
			};
			name = Debug;
		};
		25CEC089205818C000AE0D84 /* Release */ = {
			isa = XCBuildConfiguration;
			buildSettings = {
				CODE_SIGN_STYLE = Automatic;
				INFOPLIST_FILE = CustomTransitionUITests/Info.plist;
				LD_RUNPATH_SEARCH_PATHS = "$(inherited) @executable_path/Frameworks @loader_path/Frameworks";
				PRODUCT_BUNDLE_IDENTIFIER = com.myblog.gg.CustomTransitionUITests;
				PRODUCT_NAME = "$(TARGET_NAME)";
				TARGETED_DEVICE_FAMILY = "1,2";
				TEST_TARGET_NAME = CustomTransition;
			};
			name = Release;
		};
/* End XCBuildConfiguration section */

/* Begin XCConfigurationList section */
		25CEC050205818BF00AE0D84 /* Build configuration list for PBXProject "CustomTransition" */ = {
			isa = XCConfigurationList;
			buildConfigurations = (
				25CEC07F205818C000AE0D84 /* Debug */,
				25CEC080205818C000AE0D84 /* Release */,
			);
			defaultConfigurationIsVisible = 0;
			defaultConfigurationName = Release;
		};
		25CEC081205818C000AE0D84 /* Build configuration list for PBXNativeTarget "CustomTransition" */ = {
			isa = XCConfigurationList;
			buildConfigurations = (
				25CEC082205818C000AE0D84 /* Debug */,
				25CEC083205818C000AE0D84 /* Release */,
			);
			defaultConfigurationIsVisible = 0;
			defaultConfigurationName = Release;
		};
		25CEC084205818C000AE0D84 /* Build configuration list for PBXNativeTarget "CustomTransitionTests" */ = {
			isa = XCConfigurationList;
			buildConfigurations = (
				25CEC085205818C000AE0D84 /* Debug */,
				25CEC086205818C000AE0D84 /* Release */,
			);
			defaultConfigurationIsVisible = 0;
			defaultConfigurationName = Release;
		};
		25CEC087205818C000AE0D84 /* Build configuration list for PBXNativeTarget "CustomTransitionUITests" */ = {
			isa = XCConfigurationList;
			buildConfigurations = (
				25CEC088205818C000AE0D84 /* Debug */,
				25CEC089205818C000AE0D84 /* Release */,
			);
			defaultConfigurationIsVisible = 0;
			defaultConfigurationName = Release;
		};
/* End XCConfigurationList section */
	};
	rootObject = 25CEC04D205818BF00AE0D84 /* Project object */;
}
